
Microsoft Visual Studio Solution File, Format Version 12.00
# Visual Studio 2013
VisualStudioVersion = 12.0.21005.1
MinimumVisualStudioVersion = 10.0.40219.1
Project("{FAE04EC0-301F-11D3-BF4B-00C04F79EFBC}") = "Core", "Core\Core.csproj", "{4D5D8057-AFD8-40AF-A756-558E1038F193}"
EndProject
Project("{2150E333-8FDC-42A3-9474-1A3956D46DE8}") = "Tests", "Tests", "{E4AA2C88-FB07-4EA2-B5CF-7D37839C29F5}"
EndProject
Project("{FAE04EC0-301F-11D3-BF4B-00C04F79EFBC}") = "Web", "Web\Web.csproj", "{5C3B6FBF-67D5-4AAF-AFDB-4B996B2C6D0B}"
EndProject
Project("{FAE04EC0-301F-11D3-BF4B-00C04F79EFBC}") = "Tests.Common", "Tests.Common\Tests.Common.csproj", "{D30140A0-6006-4D0E-AD74-067EE44F4FC9}"
EndProject
Project("{2150E333-8FDC-42A3-9474-1A3956D46DE8}") = "Solution Items", "Solution Items", "{9B2F2BE3-AE0A-4313-BA84-03AC91F1723F}"
	ProjectSection(SolutionItems) = preProject
		SharedAssemblyInfo.cs = SharedAssemblyInfo.cs
	EndProjectSection
EndProject
Project("{FAE04EC0-301F-11D3-BF4B-00C04F79EFBC}") = "Tests.Core", "Tests.Core\Tests.Core.csproj", "{C688D9F1-7DCE-4C2C-BAE7-B08147E09876}"
EndProject
Project("{FAE04EC0-301F-11D3-BF4B-00C04F79EFBC}") = "Tests.Infrastructure", "Tests.Infrastructure\Tests.Infrastructure.csproj", "{E3800BA3-4B47-4C4A-BFEA-9CC399FE82B6}"
EndProject
Project("{FAE04EC0-301F-11D3-BF4B-00C04F79EFBC}") = "Tests.Web", "Tests.Web\Tests.Web.csproj", "{DFBE20DA-67D5-428A-93E3-8CC12803D875}"
EndProject
Project("{FAE04EC0-301F-11D3-BF4B-00C04F79EFBC}") = "Tests.Application", "Tests.Application\Tests.Application.csproj", "{5DBBF670-D2D6-4220-AF20-FB81A7AAECF9}"
EndProject
Project("{FAE04EC0-301F-11D3-BF4B-00C04F79EFBC}") = "Plumbing", "Plumbing\Plumbing.csproj", "{EA0817FD-9B9E-4C97-96B4-E62239619923}"
EndProject
Project("{FAE04EC0-301F-11D3-BF4B-00C04F79EFBC}") = "Infrastructure.System", "Infrastructure.System\Infrastructure.System.csproj", "{E5016CC6-0288-4CC1-ACEA-377918E773EC}"
EndProject
Project("{FAE04EC0-301F-11D3-BF4B-00C04F79EFBC}") = "Infrastructure.Web", "Infrastructure.Web\Infrastructure.Web.csproj", "{26420C7D-8487-4F7A-92CF-A8C2280CFEB5}"
EndProject
Project("{2150E333-8FDC-42A3-9474-1A3956D46DE8}") = "Infrastructure", "Infrastructure", "{7A92EE38-6F97-4828-80E7-6B7006BAD6AB}"
EndProject
Project("{FAE04EC0-301F-11D3-BF4B-00C04F79EFBC}") = "Infrastructure.Cache", "Infrastructure.Cache\Infrastructure.Cache.csproj", "{75D945A7-20CB-4213-8A1A-432DCBD54BDF}"
EndProject
Project("{FAE04EC0-301F-11D3-BF4B-00C04F79EFBC}") = "Infrastructure.SqlServer", "Infrastructure.SqlServer\Infrastructure.SqlServer.csproj", "{8E1B9BF3-4167-4BF5-80C7-1DED84F66DE2}"
EndProject
Project("{FAE04EC0-301F-11D3-BF4B-00C04F79EFBC}") = "Infrastructure.RavenDb", "Infrastructure.RavenDb\Infrastructure.RavenDb.csproj", "{0082672E-75B0-4EAD-AF52-67639976607F}"
EndProject
Project("{FAE04EC0-301F-11D3-BF4B-00C04F79EFBC}") = "Infrastructure.Storage", "Infrastructure.Storage\Infrastructure.Storage.csproj", "{AFD5A3DB-C630-469C-A802-F9BC5D555DD8}"
EndProject
Global
	GlobalSection(SolutionConfigurationPlatforms) = preSolution
		Debug|Any CPU = Debug|Any CPU
		Release|Any CPU = Release|Any CPU
	EndGlobalSection
	GlobalSection(ProjectConfigurationPlatforms) = postSolution
		{4D5D8057-AFD8-40AF-A756-558E1038F193}.Debug|Any CPU.ActiveCfg = Debug|Any CPU
		{4D5D8057-AFD8-40AF-A756-558E1038F193}.Debug|Any CPU.Build.0 = Debug|Any CPU
		{4D5D8057-AFD8-40AF-A756-558E1038F193}.Release|Any CPU.ActiveCfg = Release|Any CPU
		{4D5D8057-AFD8-40AF-A756-558E1038F193}.Release|Any CPU.Build.0 = Release|Any CPU
		{5C3B6FBF-67D5-4AAF-AFDB-4B996B2C6D0B}.Debug|Any CPU.ActiveCfg = Debug|Any CPU
		{5C3B6FBF-67D5-4AAF-AFDB-4B996B2C6D0B}.Debug|Any CPU.Build.0 = Debug|Any CPU
		{5C3B6FBF-67D5-4AAF-AFDB-4B996B2C6D0B}.Release|Any CPU.ActiveCfg = Release|Any CPU
		{5C3B6FBF-67D5-4AAF-AFDB-4B996B2C6D0B}.Release|Any CPU.Build.0 = Release|Any CPU
		{D30140A0-6006-4D0E-AD74-067EE44F4FC9}.Debug|Any CPU.ActiveCfg = Debug|Any CPU
		{D30140A0-6006-4D0E-AD74-067EE44F4FC9}.Debug|Any CPU.Build.0 = Debug|Any CPU
		{D30140A0-6006-4D0E-AD74-067EE44F4FC9}.Release|Any CPU.ActiveCfg = Release|Any CPU
		{D30140A0-6006-4D0E-AD74-067EE44F4FC9}.Release|Any CPU.Build.0 = Release|Any CPU
		{C688D9F1-7DCE-4C2C-BAE7-B08147E09876}.Debug|Any CPU.ActiveCfg = Debug|Any CPU
		{C688D9F1-7DCE-4C2C-BAE7-B08147E09876}.Debug|Any CPU.Build.0 = Debug|Any CPU
		{C688D9F1-7DCE-4C2C-BAE7-B08147E09876}.Release|Any CPU.ActiveCfg = Release|Any CPU
		{C688D9F1-7DCE-4C2C-BAE7-B08147E09876}.Release|Any CPU.Build.0 = Release|Any CPU
		{E3800BA3-4B47-4C4A-BFEA-9CC399FE82B6}.Debug|Any CPU.ActiveCfg = Debug|Any CPU
		{E3800BA3-4B47-4C4A-BFEA-9CC399FE82B6}.Debug|Any CPU.Build.0 = Debug|Any CPU
		{E3800BA3-4B47-4C4A-BFEA-9CC399FE82B6}.Release|Any CPU.ActiveCfg = Release|Any CPU
		{E3800BA3-4B47-4C4A-BFEA-9CC399FE82B6}.Release|Any CPU.Build.0 = Release|Any CPU
		{DFBE20DA-67D5-428A-93E3-8CC12803D875}.Debug|Any CPU.ActiveCfg = Debug|Any CPU
		{DFBE20DA-67D5-428A-93E3-8CC12803D875}.Debug|Any CPU.Build.0 = Debug|Any CPU
		{DFBE20DA-67D5-428A-93E3-8CC12803D875}.Release|Any CPU.ActiveCfg = Release|Any CPU
		{DFBE20DA-67D5-428A-93E3-8CC12803D875}.Release|Any CPU.Build.0 = Release|Any CPU
		{5DBBF670-D2D6-4220-AF20-FB81A7AAECF9}.Debug|Any CPU.ActiveCfg = Debug|Any CPU
		{5DBBF670-D2D6-4220-AF20-FB81A7AAECF9}.Debug|Any CPU.Build.0 = Debug|Any CPU
		{5DBBF670-D2D6-4220-AF20-FB81A7AAECF9}.Release|Any CPU.ActiveCfg = Release|Any CPU
		{5DBBF670-D2D6-4220-AF20-FB81A7AAECF9}.Release|Any CPU.Build.0 = Release|Any CPU
		{EA0817FD-9B9E-4C97-96B4-E62239619923}.Debug|Any CPU.ActiveCfg = Debug|Any CPU
		{EA0817FD-9B9E-4C97-96B4-E62239619923}.Debug|Any CPU.Build.0 = Debug|Any CPU
		{EA0817FD-9B9E-4C97-96B4-E62239619923}.Release|Any CPU.ActiveCfg = Release|Any CPU
		{EA0817FD-9B9E-4C97-96B4-E62239619923}.Release|Any CPU.Build.0 = Release|Any CPU
		{E5016CC6-0288-4CC1-ACEA-377918E773EC}.Debug|Any CPU.ActiveCfg = Debug|Any CPU
		{E5016CC6-0288-4CC1-ACEA-377918E773EC}.Debug|Any CPU.Build.0 = Debug|Any CPU
		{E5016CC6-0288-4CC1-ACEA-377918E773EC}.Release|Any CPU.ActiveCfg = Release|Any CPU
		{E5016CC6-0288-4CC1-ACEA-377918E773EC}.Release|Any CPU.Build.0 = Release|Any CPU
		{26420C7D-8487-4F7A-92CF-A8C2280CFEB5}.Debug|Any CPU.ActiveCfg = Debug|Any CPU
		{26420C7D-8487-4F7A-92CF-A8C2280CFEB5}.Debug|Any CPU.Build.0 = Debug|Any CPU
		{26420C7D-8487-4F7A-92CF-A8C2280CFEB5}.Release|Any CPU.ActiveCfg = Release|Any CPU
		{26420C7D-8487-4F7A-92CF-A8C2280CFEB5}.Release|Any CPU.Build.0 = Release|Any CPU
		{75D945A7-20CB-4213-8A1A-432DCBD54BDF}.Debug|Any CPU.ActiveCfg = Debug|Any CPU
		{75D945A7-20CB-4213-8A1A-432DCBD54BDF}.Debug|Any CPU.Build.0 = Debug|Any CPU
		{75D945A7-20CB-4213-8A1A-432DCBD54BDF}.Release|Any CPU.ActiveCfg = Release|Any CPU
		{75D945A7-20CB-4213-8A1A-432DCBD54BDF}.Release|Any CPU.Build.0 = Release|Any CPU
		{8E1B9BF3-4167-4BF5-80C7-1DED84F66DE2}.Debug|Any CPU.ActiveCfg = Debug|Any CPU
		{8E1B9BF3-4167-4BF5-80C7-1DED84F66DE2}.Debug|Any CPU.Build.0 = Debug|Any CPU
		{8E1B9BF3-4167-4BF5-80C7-1DED84F66DE2}.Release|Any CPU.ActiveCfg = Release|Any CPU
		{8E1B9BF3-4167-4BF5-80C7-1DED84F66DE2}.Release|Any CPU.Build.0 = Release|Any CPU
		{0082672E-75B0-4EAD-AF52-67639976607F}.Debug|Any CPU.ActiveCfg = Debug|Any CPU
		{0082672E-75B0-4EAD-AF52-67639976607F}.Debug|Any CPU.Build.0 = Debug|Any CPU
		{0082672E-75B0-4EAD-AF52-67639976607F}.Release|Any CPU.ActiveCfg = Release|Any CPU
		{0082672E-75B0-4EAD-AF52-67639976607F}.Release|Any CPU.Build.0 = Release|Any CPU
		{AFD5A3DB-C630-469C-A802-F9BC5D555DD8}.Debug|Any CPU.ActiveCfg = Debug|Any CPU
		{AFD5A3DB-C630-469C-A802-F9BC5D555DD8}.Debug|Any CPU.Build.0 = Debug|Any CPU
		{AFD5A3DB-C630-469C-A802-F9BC5D555DD8}.Release|Any CPU.ActiveCfg = Release|Any CPU
		{AFD5A3DB-C630-469C-A802-F9BC5D555DD8}.Release|Any CPU.Build.0 = Release|Any CPU
	EndGlobalSection
	GlobalSection(SolutionProperties) = preSolution
		HideSolutionNode = FALSE
	EndGlobalSection
	GlobalSection(NestedProjects) = preSolution
		{D30140A0-6006-4D0E-AD74-067EE44F4FC9} = {E4AA2C88-FB07-4EA2-B5CF-7D37839C29F5}
		{C688D9F1-7DCE-4C2C-BAE7-B08147E09876} = {E4AA2C88-FB07-4EA2-B5CF-7D37839C29F5}
		{E3800BA3-4B47-4C4A-BFEA-9CC399FE82B6} = {E4AA2C88-FB07-4EA2-B5CF-7D37839C29F5}
		{DFBE20DA-67D5-428A-93E3-8CC12803D875} = {E4AA2C88-FB07-4EA2-B5CF-7D37839C29F5}
		{5DBBF670-D2D6-4220-AF20-FB81A7AAECF9} = {E4AA2C88-FB07-4EA2-B5CF-7D37839C29F5}
		{E5016CC6-0288-4CC1-ACEA-377918E773EC} = {7A92EE38-6F97-4828-80E7-6B7006BAD6AB}
		{26420C7D-8487-4F7A-92CF-A8C2280CFEB5} = {7A92EE38-6F97-4828-80E7-6B7006BAD6AB}
		{EA0817FD-9B9E-4C97-96B4-E62239619923} = {7A92EE38-6F97-4828-80E7-6B7006BAD6AB}
		{75D945A7-20CB-4213-8A1A-432DCBD54BDF} = {7A92EE38-6F97-4828-80E7-6B7006BAD6AB}
		{8E1B9BF3-4167-4BF5-80C7-1DED84F66DE2} = {7A92EE38-6F97-4828-80E7-6B7006BAD6AB}
		{0082672E-75B0-4EAD-AF52-67639976607F} = {7A92EE38-6F97-4828-80E7-6B7006BAD6AB}
		{AFD5A3DB-C630-469C-A802-F9BC5D555DD8} = {7A92EE38-6F97-4828-80E7-6B7006BAD6AB}
	EndGlobalSection
EndGlobal
